
Microsoft Visual Studio Solution File, Format Version 12.00
# Visual Studio Version 16
VisualStudioVersion = 16.0.30225.117
MinimumVisualStudioVersion = 10.0.40219.1
Project("{FAE04EC0-301F-11D3-BF4B-00C04F79EFBC}") = "LinkedListAssignments", "LinkedListAssignments\LinkedListAssignments.csproj", "{6DE52CB1-8EDB-4A8B-9CC6-B08166E92877}"
EndProject
Global
	GlobalSection(SolutionConfigurationPlatforms) = preSolution
		Debug|Any CPU = Debug|Any CPU
		Release|Any CPU = Release|Any CPU
	EndGlobalSection
	GlobalSection(ProjectConfigurationPlatforms) = postSolution
		{6DE52CB1-8EDB-4A8B-9CC6-B08166E92877}.Debug|Any CPU.ActiveCfg = Debug|Any CPU
		{6DE52CB1-8EDB-4A8B-9CC6-B08166E92877}.Debug|Any CPU.Build.0 = Debug|Any CPU
		{6DE52CB1-8EDB-4A8B-9CC6-B08166E92877}.Release|Any CPU.ActiveCfg = Release|Any CPU
		{6DE52CB1-8EDB-4A8B-9CC6-B08166E92877}.Release|Any CPU.Build.0 = Release|Any CPU
	EndGlobalSection
	GlobalSection(SolutionProperties) = preSolution
		HideSolutionNode = FALSE
	EndGlobalSection
	GlobalSection(ExtensibilityGlobals) = postSolution
		SolutionGuid = {71E0F296-C114-40EA-9138-A2729D6DAD38}
	EndGlobalSection
EndGlobal
