
Microsoft Visual Studio Solution File, Format Version 12.00
# Visual Studio Version 16
VisualStudioVersion = 16.0.30225.117
MinimumVisualStudioVersion = 10.0.40219.1
Project("{FAE04EC0-301F-11D3-BF4B-00C04F79EFBC}") = "LinkListExplore", "LinkListExplore\LinkListExplore.csproj", "{720A9C66-3ECF-4F48-8CB2-378734EC5D76}"
EndProject
Global
	GlobalSection(SolutionConfigurationPlatforms) = preSolution
		Debug|Any CPU = Debug|Any CPU
		Release|Any CPU = Release|Any CPU
	EndGlobalSection
	GlobalSection(ProjectConfigurationPlatforms) = postSolution
		{720A9C66-3ECF-4F48-8CB2-378734EC5D76}.Debug|Any CPU.ActiveCfg = Debug|Any CPU
		{720A9C66-3ECF-4F48-8CB2-378734EC5D76}.Debug|Any CPU.Build.0 = Debug|Any CPU
		{720A9C66-3ECF-4F48-8CB2-378734EC5D76}.Release|Any CPU.ActiveCfg = Release|Any CPU
		{720A9C66-3ECF-4F48-8CB2-378734EC5D76}.Release|Any CPU.Build.0 = Release|Any CPU
	EndGlobalSection
	GlobalSection(SolutionProperties) = preSolution
		HideSolutionNode = FALSE
	EndGlobalSection
	GlobalSection(ExtensibilityGlobals) = postSolution
		SolutionGuid = {0DAD4206-2F38-4A09-A783-7F67628D63AE}
	EndGlobalSection
EndGlobal
